
Microsoft Visual Studio Solution File, Format Version 12.00
# Visual Studio Version 17
VisualStudioVersion = 17.13.35913.81
MinimumVisualStudioVersion = 10.0.40219.1
Project("{FAE04EC0-301F-11D3-BF4B-00C04F79EFBC}") = "ASimpleForum", "ASimpleForum.csproj", "{0339E938-8D68-463D-904D-5C438C3B1A54}"
EndProject
Project("{FAE04EC0-301F-11D3-BF4B-00C04F79EFBC}") = "ASimpleAPI", "..\ASimpleAPI\ASimpleAPI.csproj", "{54831E42-CFD8-468B-AB6D-FC84B44FBAA2}"
EndProject
Global
	GlobalSection(SolutionConfigurationPlatforms) = preSolution
		Debug|Any CPU = Debug|Any CPU
		Release|Any CPU = Release|Any CPU
	EndGlobalSection
	GlobalSection(ProjectConfigurationPlatforms) = postSolution
		{0339E938-8D68-463D-904D-5C438C3B1A54}.Debug|Any CPU.ActiveCfg = Debug|Any CPU
		{0339E938-8D68-463D-904D-5C438C3B1A54}.Debug|Any CPU.Build.0 = Debug|Any CPU
		{0339E938-8D68-463D-904D-5C438C3B1A54}.Release|Any CPU.ActiveCfg = Release|Any CPU
		{0339E938-8D68-463D-904D-5C438C3B1A54}.Release|Any CPU.Build.0 = Release|Any CPU
		{54831E42-CFD8-468B-AB6D-FC84B44FBAA2}.Debug|Any CPU.ActiveCfg = Debug|Any CPU
		{54831E42-CFD8-468B-AB6D-FC84B44FBAA2}.Debug|Any CPU.Build.0 = Debug|Any CPU
		{54831E42-CFD8-468B-AB6D-FC84B44FBAA2}.Release|Any CPU.ActiveCfg = Release|Any CPU
		{54831E42-CFD8-468B-AB6D-FC84B44FBAA2}.Release|Any CPU.Build.0 = Release|Any CPU
	EndGlobalSection
	GlobalSection(SolutionProperties) = preSolution
		HideSolutionNode = FALSE
	EndGlobalSection
	GlobalSection(ExtensibilityGlobals) = postSolution
		SolutionGuid = {38EED836-64CE-48F2-A6BD-98B0BA7A888B}
	EndGlobalSection
EndGlobal
